{
  "originHash" : "ef8991788423a65f60145024265d0cfef8557599dcf392dca0a0b0a3d76b3216",
  "pins" : [
    {
      "identity" : "swift-argument-parser",
      "kind" : "remoteSourceControl",
      "location" : "https://github.com/apple/swift-argument-parser",
      "state" : {
        "revision" : "6a52f3251125d74daf04fcbd5e6f08a75d074382",
        "version" : "1.8.2"
      }
    },
    {
      "identity" : "swift-log",
      "kind" : "remoteSourceControl",
      "location" : "https://github.com/apple/swift-log",
      "state" : {
        "revision" : "a878e7f8f46cfc0e1125e565b5c08e7d5272dc9a",
        "version" : "1.14.0"
      }
    },
    {
      "identity" : "swift-tar",
      "kind" : "remoteSourceControl",
      "location" : "https://github.com/kateinoigakukun/swift-tar",
      "state" : {
        "revision" : "642cd916016ca6dd8fab8232f31f9fdb459e27b0"
      }
    }
  ],
  "version" : 3
}
